
Microsoft Visual Studio Solution File, Format Version 12.00
# Visual Studio 15
VisualStudioVersion = 15.0.27703.2042
MinimumVisualStudioVersion = 10.0.40219.1
Project("{FAE04EC0-301F-11D3-BF4B-00C04F79EFBC}") = "WebApplication1", "WebApplication1\WebApplication1.csproj", "{8853FA50-8178-4F0C-9518-68B6730BC3BC}"
EndProject
Global
	GlobalSection(SolutionConfigurationPlatforms) = preSolution
		Debug|Any CPU = Debug|Any CPU
		Release|Any CPU = Release|Any CPU
	EndGlobalSection
	GlobalSection(ProjectConfigurationPlatforms) = postSolution
		{8853FA50-8178-4F0C-9518-68B6730BC3BC}.Debug|Any CPU.ActiveCfg = Debug|Any CPU
		{8853FA50-8178-4F0C-9518-68B6730BC3BC}.Debug|Any CPU.Build.0 = Debug|Any CPU
		{8853FA50-8178-4F0C-9518-68B6730BC3BC}.Release|Any CPU.ActiveCfg = Release|Any CPU
		{8853FA50-8178-4F0C-9518-68B6730BC3BC}.Release|Any CPU.Build.0 = Release|Any CPU
	EndGlobalSection
	GlobalSection(SolutionProperties) = preSolution
		HideSolutionNode = FALSE
	EndGlobalSection
	GlobalSection(ExtensibilityGlobals) = postSolution
		SolutionGuid = {DB8BF2C8-C870-41A2-A955-B7C9798E0EE0}
	EndGlobalSection
EndGlobal
